{
  "requires": true,
  "lockfileVersion": 1,
  "dependencies": {
    "d3-color": {
      "version": "1.4.1",
      "resolved": "https://registry.npmjs.org/d3-color/-/d3-color-1.4.1.tgz",
      "integrity": "sha512-p2sTHSLCJI2QKunbGb7ocOh7DgTAn8IrLx21QRc/BSnodXM4sv6aLQlnfpvehFMLZEfBc6g9pH9SWQccFYfJ9Q=="
    },
    "d3-dispatch": {
      "version": "1.0.2",
      "resolved": "https://registry.npmjs.org/d3-dispatch/-/d3-dispatch-1.0.2.tgz",
      "integrity": "sha1-W1EeeaRqH4lJKEHAqPZWaH1dqgo="
    },
    "d3-drag": {
      "version": "1.2.3",
      "resolved": "https://registry.npmjs.org/d3-drag/-/d3-drag-1.2.3.tgz",
      "integrity": "sha512-8S3HWCAg+ilzjJsNtWW1Mutl74Nmzhb9yU6igspilaJzeZVFktmY6oO9xOh5TDk+BM2KrNFjttZNoJJmDnkjkg==",
      "requires": {
        "d3-dispatch": "1",
        "d3-selection": "1"
      }
    },
    "d3-ease": {
      "version": "1.0.7",
      "resolved": "https://registry.npmjs.org/d3-ease/-/d3-ease-1.0.7.tgz",
      "integrity": "sha512-lx14ZPYkhNx0s/2HX5sLFUI3mbasHjSSpwO/KaaNACweVwxUruKyWVcb293wMv1RqTPZyZ8kSZ2NogUZNcLOFQ=="
    },
    "d3-interpolate": {
      "version": "1.4.0",
      "resolved": "https://registry.npmjs.org/d3-interpolate/-/d3-interpolate-1.4.0.tgz",
      "integrity": "sha512-V9znK0zc3jOPV4VD2zZn0sDhZU3WAE2bmlxdIwwQPPzPjvyLkd8B3JUVdS1IDUFDkWZ72c9qnv1GK2ZagTZ8EA==",
      "requires": {
        "d3-color": "1"
      }
    },
    "d3-path": {
      "version": "1.0.9",
      "resolved": "https://registry.npmjs.org/d3-path/-/d3-path-1.0.9.tgz",
      "integrity": "sha512-VLaYcn81dtHVTjEHd8B+pbe9yHWpXKZUC87PzoFmsFrJqgFwDe/qxfp5MlfsfM1V5E/iVt0MmEbWQ7FVIXh/bg=="
    },
    "d3-selection": {
      "version": "1.4.0",
      "resolved": "https://registry.npmjs.org/d3-selection/-/d3-selection-1.4.0.tgz",
      "integrity": "sha512-EYVwBxQGEjLCKF2pJ4+yrErskDnz5v403qvAid96cNdCMr8rmCYfY5RGzWz24mdIbxmDf6/4EAH+K9xperD5jg=="
    },
    "d3-shape": {
      "version": "1.0.4",
      "resolved": "https://registry.npmjs.org/d3-shape/-/d3-shape-1.0.4.tgz",
      "integrity": "sha1-FF7hAMy+xC+OPxmWzQXHhvef4cY=",
      "requires": {
        "d3-path": "1"
      }
    },
    "d3-svg-annotation": {
      "version": "2.5.1",
      "resolved": "https://registry.npmjs.org/d3-svg-annotation/-/d3-svg-annotation-2.5.1.tgz",
      "integrity": "sha512-PXW39bunDsn2K6uiCUlZ919fnC29o8oIDzNJtKvz6xOMeNv53LyNkucn40YjLherNCrlx5JGsyEtw/DZcjAa4Q==",
      "requires": {
        "d3-dispatch": "1.0.2",
        "d3-drag": "1.2.3",
        "d3-selection": "1.4.0",
        "d3-shape": "1.0.4",
        "d3-transition": "1.0.3"
      }
    },
    "d3-timer": {
      "version": "1.0.10",
      "resolved": "https://registry.npmjs.org/d3-timer/-/d3-timer-1.0.10.tgz",
      "integrity": "sha512-B1JDm0XDaQC+uvo4DT79H0XmBskgS3l6Ve+1SBCfxgmtIb1AVrPIoqd+nPSv+loMX8szQ0sVUhGngL7D5QPiXw=="
    },
    "d3-transition": {
      "version": "1.0.3",
      "resolved": "https://registry.npmjs.org/d3-transition/-/d3-transition-1.0.3.tgz",
      "integrity": "sha1-kdyYa92zCXNjkyCoXbcs5KsaJ7s=",
      "requires": {
        "d3-color": "1",
        "d3-dispatch": "1",
        "d3-ease": "1",
        "d3-interpolate": "1",
        "d3-selection": "1",
        "d3-timer": "1"
      }
    }
  }
}
